
Microsoft Visual Studio Solution File, Format Version 12.00
# Visual Studio Version 17
VisualStudioVersion = 17.3.32825.248
MinimumVisualStudioVersion = 10.0.40219.1
Project("{9A19103F-16F7-4668-BE54-9A1E7A4F7556}") = "PPMLib", "PPMLib\PPMLib.csproj", "{637D805B-45BB-4B8F-86D1-97A03DE6AE47}"
EndProject
Project("{FAE04EC0-301F-11D3-BF4B-00C04F79EFBC}") = "Test", "Test\Test.csproj", "{7364E7C2-562A-424C-9ED9-7A5A9D1B47A9}"
EndProject
Project("{FAE04EC0-301F-11D3-BF4B-00C04F79EFBC}") = "FlipnoteDotNet", "FlipnoteDotNet\FlipnoteDotNet.csproj", "{E1262303-ED67-4193-AB47-B792AAAB7691}"
EndProject
Project("{FAE04EC0-301F-11D3-BF4B-00C04F79EFBC}") = "ATest", "ATest\ATest.csproj", "{EFBBBE46-7F8D-4A0F-B97E-DD8CDF54BB86}"
EndProject
Project("{FAE04EC0-301F-11D3-BF4B-00C04F79EFBC}") = "FlipnoteDotNet.VisualComponentsEditor", "FlipnoteDotNet.VisualComponentsEditor\FlipnoteDotNet.VisualComponentsEditor.csproj", "{1435CC36-6112-433B-A586-C742B1EDC0FF}"
EndProject
Project("{FAE04EC0-301F-11D3-BF4B-00C04F79EFBC}") = "FlipnoteDotNet.Commons", "FlipnoteDotNet.Commons\FlipnoteDotNet.Commons.csproj", "{1293E1DB-E332-42A3-8A84-00856BDC7AD1}"
EndProject
Project("{FAE04EC0-301F-11D3-BF4B-00C04F79EFBC}") = "PPMLib.Winforms", "PPMLib.Winforms\PPMLib.Winforms.csproj", "{CA53B87D-A979-4AF0-A1A2-1A0FAF1B3D8C}"
EndProject
Global
	GlobalSection(SolutionConfigurationPlatforms) = preSolution
		Debug|Any CPU = Debug|Any CPU
		Release|Any CPU = Release|Any CPU
	EndGlobalSection
	GlobalSection(ProjectConfigurationPlatforms) = postSolution
		{637D805B-45BB-4B8F-86D1-97A03DE6AE47}.Debug|Any CPU.ActiveCfg = Debug|Any CPU
		{637D805B-45BB-4B8F-86D1-97A03DE6AE47}.Debug|Any CPU.Build.0 = Debug|Any CPU
		{637D805B-45BB-4B8F-86D1-97A03DE6AE47}.Release|Any CPU.ActiveCfg = Release|Any CPU
		{637D805B-45BB-4B8F-86D1-97A03DE6AE47}.Release|Any CPU.Build.0 = Release|Any CPU
		{7364E7C2-562A-424C-9ED9-7A5A9D1B47A9}.Debug|Any CPU.ActiveCfg = Debug|Any CPU
		{7364E7C2-562A-424C-9ED9-7A5A9D1B47A9}.Debug|Any CPU.Build.0 = Debug|Any CPU
		{7364E7C2-562A-424C-9ED9-7A5A9D1B47A9}.Release|Any CPU.ActiveCfg = Release|Any CPU
		{7364E7C2-562A-424C-9ED9-7A5A9D1B47A9}.Release|Any CPU.Build.0 = Release|Any CPU
		{E1262303-ED67-4193-AB47-B792AAAB7691}.Debug|Any CPU.ActiveCfg = Debug|Any CPU
		{E1262303-ED67-4193-AB47-B792AAAB7691}.Debug|Any CPU.Build.0 = Debug|Any CPU
		{E1262303-ED67-4193-AB47-B792AAAB7691}.Release|Any CPU.ActiveCfg = Release|Any CPU
		{E1262303-ED67-4193-AB47-B792AAAB7691}.Release|Any CPU.Build.0 = Release|Any CPU
		{EFBBBE46-7F8D-4A0F-B97E-DD8CDF54BB86}.Debug|Any CPU.ActiveCfg = Debug|Any CPU
		{EFBBBE46-7F8D-4A0F-B97E-DD8CDF54BB86}.Debug|Any CPU.Build.0 = Debug|Any CPU
		{EFBBBE46-7F8D-4A0F-B97E-DD8CDF54BB86}.Release|Any CPU.ActiveCfg = Release|Any CPU
		{EFBBBE46-7F8D-4A0F-B97E-DD8CDF54BB86}.Release|Any CPU.Build.0 = Release|Any CPU
		{1435CC36-6112-433B-A586-C742B1EDC0FF}.Debug|Any CPU.ActiveCfg = Debug|Any CPU
		{1435CC36-6112-433B-A586-C742B1EDC0FF}.Debug|Any CPU.Build.0 = Debug|Any CPU
		{1435CC36-6112-433B-A586-C742B1EDC0FF}.Release|Any CPU.ActiveCfg = Release|Any CPU
		{1435CC36-6112-433B-A586-C742B1EDC0FF}.Release|Any CPU.Build.0 = Release|Any CPU
		{1293E1DB-E332-42A3-8A84-00856BDC7AD1}.Debug|Any CPU.ActiveCfg = Debug|Any CPU
		{1293E1DB-E332-42A3-8A84-00856BDC7AD1}.Debug|Any CPU.Build.0 = Debug|Any CPU
		{1293E1DB-E332-42A3-8A84-00856BDC7AD1}.Release|Any CPU.ActiveCfg = Release|Any CPU
		{1293E1DB-E332-42A3-8A84-00856BDC7AD1}.Release|Any CPU.Build.0 = Release|Any CPU
		{CA53B87D-A979-4AF0-A1A2-1A0FAF1B3D8C}.Debug|Any CPU.ActiveCfg = Debug|Any CPU
		{CA53B87D-A979-4AF0-A1A2-1A0FAF1B3D8C}.Debug|Any CPU.Build.0 = Debug|Any CPU
		{CA53B87D-A979-4AF0-A1A2-1A0FAF1B3D8C}.Release|Any CPU.ActiveCfg = Release|Any CPU
		{CA53B87D-A979-4AF0-A1A2-1A0FAF1B3D8C}.Release|Any CPU.Build.0 = Release|Any CPU
	EndGlobalSection
	GlobalSection(SolutionProperties) = preSolution
		HideSolutionNode = FALSE
	EndGlobalSection
	GlobalSection(ExtensibilityGlobals) = postSolution
		SolutionGuid = {A548928A-9A5E-4CDF-878C-0DCBC1F297A0}
	EndGlobalSection
EndGlobal
